
Microsoft Visual Studio Solution File, Format Version 12.00
# Visual Studio Version 17
VisualStudioVersion = 17.7.34009.444
MinimumVisualStudioVersion = 10.0.40219.1
Project("{9A19103F-16F7-4668-BE54-9A1E7A4F7556}") = "EIMS.WebApp", "EIMS.WebApp\EIMS.WebApp.csproj", "{63438484-ADF1-4678-B77B-DB4638472A29}"
EndProject
Project("{9A19103F-16F7-4668-BE54-9A1E7A4F7556}") = "EIMS.UseCases", "EIMS.UseCases\EIMS.UseCases.csproj", "{6C07C49B-115E-4AF4-88DB-EB5A8FBC339C}"
EndProject
Project("{9A19103F-16F7-4668-BE54-9A1E7A4F7556}") = "EIMS.CoreBusiness", "EIMS.CoreBusiness\EIMS.CoreBusiness.csproj", "{02667E2B-496F-4AAD-9E30-7A2F245C96FE}"
EndProject
Project("{9A19103F-16F7-4668-BE54-9A1E7A4F7556}") = "EIMS.Plugins.EFCore", "EIMS.Plugins.EFCore\EIMS.Plugins.EFCore.csproj", "{0149C227-6A2E-4E1B-B2E5-782EAC186A9F}"
EndProject
Global
	GlobalSection(SolutionConfigurationPlatforms) = preSolution
		Debug|Any CPU = Debug|Any CPU
		Release|Any CPU = Release|Any CPU
	EndGlobalSection
	GlobalSection(ProjectConfigurationPlatforms) = postSolution
		{63438484-ADF1-4678-B77B-DB4638472A29}.Debug|Any CPU.ActiveCfg = Debug|Any CPU
		{63438484-ADF1-4678-B77B-DB4638472A29}.Debug|Any CPU.Build.0 = Debug|Any CPU
		{63438484-ADF1-4678-B77B-DB4638472A29}.Release|Any CPU.ActiveCfg = Release|Any CPU
		{63438484-ADF1-4678-B77B-DB4638472A29}.Release|Any CPU.Build.0 = Release|Any CPU
		{6C07C49B-115E-4AF4-88DB-EB5A8FBC339C}.Debug|Any CPU.ActiveCfg = Debug|Any CPU
		{6C07C49B-115E-4AF4-88DB-EB5A8FBC339C}.Debug|Any CPU.Build.0 = Debug|Any CPU
		{6C07C49B-115E-4AF4-88DB-EB5A8FBC339C}.Release|Any CPU.ActiveCfg = Release|Any CPU
		{6C07C49B-115E-4AF4-88DB-EB5A8FBC339C}.Release|Any CPU.Build.0 = Release|Any CPU
		{02667E2B-496F-4AAD-9E30-7A2F245C96FE}.Debug|Any CPU.ActiveCfg = Debug|Any CPU
		{02667E2B-496F-4AAD-9E30-7A2F245C96FE}.Debug|Any CPU.Build.0 = Debug|Any CPU
		{02667E2B-496F-4AAD-9E30-7A2F245C96FE}.Release|Any CPU.ActiveCfg = Release|Any CPU
		{02667E2B-496F-4AAD-9E30-7A2F245C96FE}.Release|Any CPU.Build.0 = Release|Any CPU
		{0149C227-6A2E-4E1B-B2E5-782EAC186A9F}.Debug|Any CPU.ActiveCfg = Debug|Any CPU
		{0149C227-6A2E-4E1B-B2E5-782EAC186A9F}.Debug|Any CPU.Build.0 = Debug|Any CPU
		{0149C227-6A2E-4E1B-B2E5-782EAC186A9F}.Release|Any CPU.ActiveCfg = Release|Any CPU
		{0149C227-6A2E-4E1B-B2E5-782EAC186A9F}.Release|Any CPU.Build.0 = Release|Any CPU
	EndGlobalSection
	GlobalSection(SolutionProperties) = preSolution
		HideSolutionNode = FALSE
	EndGlobalSection
	GlobalSection(ExtensibilityGlobals) = postSolution
		SolutionGuid = {B906AED0-EC97-4729-9630-65E3BDAE9471}
	EndGlobalSection
EndGlobal
